
Microsoft Visual Studio Solution File, Format Version 12.00
# Visual Studio 14
VisualStudioVersion = 14.0.25420.1
MinimumVisualStudioVersion = 10.0.40219.1
Project("{FAE04EC0-301F-11D3-BF4B-00C04F79EFBC}") = "WsMyList", "WsMyList\WsMyList.csproj", "{ECECC69B-498C-4B25-A162-FD7E7566508A}"
EndProject
Global
	GlobalSection(SolutionConfigurationPlatforms) = preSolution
		Debug|Any CPU = Debug|Any CPU
		Release|Any CPU = Release|Any CPU
	EndGlobalSection
	GlobalSection(ProjectConfigurationPlatforms) = postSolution
		{ECECC69B-498C-4B25-A162-FD7E7566508A}.Debug|Any CPU.ActiveCfg = Debug|Any CPU
		{ECECC69B-498C-4B25-A162-FD7E7566508A}.Debug|Any CPU.Build.0 = Debug|Any CPU
		{ECECC69B-498C-4B25-A162-FD7E7566508A}.Release|Any CPU.ActiveCfg = Release|Any CPU
		{ECECC69B-498C-4B25-A162-FD7E7566508A}.Release|Any CPU.Build.0 = Release|Any CPU
	EndGlobalSection
	GlobalSection(SolutionProperties) = preSolution
		HideSolutionNode = FALSE
	EndGlobalSection
EndGlobal
