
Microsoft Visual Studio Solution File, Format Version 12.00
# Visual Studio 14
VisualStudioVersion = 14.0.25420.1
MinimumVisualStudioVersion = 10.0.40219.1
Project("{FAE04EC0-301F-11D3-BF4B-00C04F79EFBC}") = "CellularAutomata4DensityProblem", "CellularAutomata4DensityProblem\CellularAutomata4DensityProblem.csproj", "{A0D366E4-E705-4135-B910-DCD530F80CE3}"
EndProject
Project("{FAE04EC0-301F-11D3-BF4B-00C04F79EFBC}") = "Access", "..\..\DLLs\Access\Access.csproj", "{0C4B5EB7-461D-469F-88CF-538600695210}"
EndProject
Project("{FAE04EC0-301F-11D3-BF4B-00C04F79EFBC}") = "Library", "..\..\DLLs\Library\Library.csproj", "{D1D121B5-616D-44BB-BE23-18CC945C63AE}"
EndProject
Global
	GlobalSection(SolutionConfigurationPlatforms) = preSolution
		Debug|Any CPU = Debug|Any CPU
		Release|Any CPU = Release|Any CPU
	EndGlobalSection
	GlobalSection(ProjectConfigurationPlatforms) = postSolution
		{A0D366E4-E705-4135-B910-DCD530F80CE3}.Debug|Any CPU.ActiveCfg = Debug|Any CPU
		{A0D366E4-E705-4135-B910-DCD530F80CE3}.Debug|Any CPU.Build.0 = Debug|Any CPU
		{A0D366E4-E705-4135-B910-DCD530F80CE3}.Release|Any CPU.ActiveCfg = Release|Any CPU
		{A0D366E4-E705-4135-B910-DCD530F80CE3}.Release|Any CPU.Build.0 = Release|Any CPU
		{0C4B5EB7-461D-469F-88CF-538600695210}.Debug|Any CPU.ActiveCfg = Debug|Any CPU
		{0C4B5EB7-461D-469F-88CF-538600695210}.Debug|Any CPU.Build.0 = Debug|Any CPU
		{0C4B5EB7-461D-469F-88CF-538600695210}.Release|Any CPU.ActiveCfg = Release|Any CPU
		{0C4B5EB7-461D-469F-88CF-538600695210}.Release|Any CPU.Build.0 = Release|Any CPU
		{D1D121B5-616D-44BB-BE23-18CC945C63AE}.Debug|Any CPU.ActiveCfg = Debug|Any CPU
		{D1D121B5-616D-44BB-BE23-18CC945C63AE}.Debug|Any CPU.Build.0 = Debug|Any CPU
		{D1D121B5-616D-44BB-BE23-18CC945C63AE}.Release|Any CPU.ActiveCfg = Release|Any CPU
		{D1D121B5-616D-44BB-BE23-18CC945C63AE}.Release|Any CPU.Build.0 = Release|Any CPU
	EndGlobalSection
	GlobalSection(SolutionProperties) = preSolution
		HideSolutionNode = FALSE
	EndGlobalSection
EndGlobal
